
Microsoft Visual Studio Solution File, Format Version 12.00
# Visual Studio Version 17
VisualStudioVersion = 17.9.34616.47
MinimumVisualStudioVersion = 10.0.40219.1
Project("{FAE04EC0-301F-11D3-BF4B-00C04F79EFBC}") = "E-Commerce", "E-Commerce\E-Commerce.csproj", "{7481B404-0E66-4594-BADC-A9FBB0BD740C}"
EndProject
Global
	GlobalSection(SolutionConfigurationPlatforms) = preSolution
		Debug|Any CPU = Debug|Any CPU
		Release|Any CPU = Release|Any CPU
	EndGlobalSection
	GlobalSection(ProjectConfigurationPlatforms) = postSolution
		{7481B404-0E66-4594-BADC-A9FBB0BD740C}.Debug|Any CPU.ActiveCfg = Debug|Any CPU
		{7481B404-0E66-4594-BADC-A9FBB0BD740C}.Debug|Any CPU.Build.0 = Debug|Any CPU
		{7481B404-0E66-4594-BADC-A9FBB0BD740C}.Release|Any CPU.ActiveCfg = Release|Any CPU
		{7481B404-0E66-4594-BADC-A9FBB0BD740C}.Release|Any CPU.Build.0 = Release|Any CPU
	EndGlobalSection
	GlobalSection(SolutionProperties) = preSolution
		HideSolutionNode = FALSE
	EndGlobalSection
	GlobalSection(ExtensibilityGlobals) = postSolution
		SolutionGuid = {48B237E1-A240-4716-8C47-9C324EEC6DFC}
	EndGlobalSection
EndGlobal
